<?xml version="1.0" encoding="utf-8"?>
<Project ToolsVersion="4.0" xmlns="http://schemas.microsoft.com/developer/msbuild/2003">
  <ItemGroup>
    <Filter Include="Source Files">
      <UniqueIdentifier>{4FC737F1-C7A5-4376-A066-2A32D752A2FF}</UniqueIdentifier>
      <Extensions>cpp;c;cc;cxx;def;odl;idl;hpj;bat;asm;asmx</Extensions>
    </Filter>
    <Filter Include="Header Files">
      <UniqueIdentifier>{93995380-89BD-4b04-88EB-625FBE52EBFB}</UniqueIdentifier>
      <Extensions>h;hh;hpp;hxx;hm;inl;inc;xsd</Extensions>
    </Filter>
    <Filter Include="Resource Files">
      <UniqueIdentifier>{67DA6AB6-F800-4c08-8B7A-83BB121AAD01}</UniqueIdentifier>
      <Extensions>rc;ico;cur;bmp;dlg;rc2;rct;bin;rgs;gif;jpg;jpeg;jpe;resx;tiff;tif;png;wav;mfcribbon-ms</Extensions>
    </Filter>
    <Filter Include="PCH">
      <UniqueIdentifier>{732d0341-26af-4e9a-a228-3889b1ff83c4}</UniqueIdentifier>
    </Filter>
    <Filter Include="Header Files\Network">
      <UniqueIdentifier>{f458c1ab-33c7-4e5f-83a7-7a6a5e326896}</UniqueIdentifier>
    </Filter>
    <Filter Include="Source Files\Network">
      <UniqueIdentifier>{1dd01bea-011a-43ad-a390-aff403cee3fa}</UniqueIdentifier>
    </Filter>
    <Filter Include="Source Files\ECS">
      <UniqueIdentifier>{b915be7a-b90c-4712-8b44-024944c06949}</UniqueIdentifier>
    </Filter>
    <Filter Include="Source Files\ECS\Components">
      <UniqueIdentifier>{b7057c4a-7655-421a-87ba-8b285a234e8c}</UniqueIdentifier>
    </Filter>
    <Filter Include="Header Files\ECS">
      <UniqueIdentifier>{7cf0f4af-f425-4ad5-85d7-8400368e7b92}</UniqueIdentifier>
    </Filter>
    <Filter Include="Header Files\ECS\Components">
      <UniqueIdentifier>{9fa1672c-64fa-44a2-a5ea-e5d1c10950c3}</UniqueIdentifier>
    </Filter>
    <Filter Include="Header Files\ECS\Components\Primitives">
      <UniqueIdentifier>{f6f5cc6e-1702-4f26-bd9a-1038c0bcb2ab}</UniqueIdentifier>
    </Filter>
    <Filter Include="Source Files\ECS\Components\Primitives">
      <UniqueIdentifier>{964ef13f-71b4-4c53-8428-53edbd1e6248}</UniqueIdentifier>
    </Filter>
  </ItemGroup>
  <ItemGroup>
    <ClCompile Include="src\TestProject.cpp">
      <Filter>Source Files</Filter>
    </ClCompile>
    <ClCompile Include="src\stdafx.cpp">
      <Filter>PCH</Filter>
    </ClCompile>
    <ClCompile Include="src\main.cpp">
      <Filter>Source Files</Filter>
    </ClCompile>
    <ClCompile Include="src\NetworkClient.cpp">
      <Filter>Source Files\Network</Filter>
    </ClCompile>
    <ClCompile Include="src\NetworkServer.cpp">
      <Filter>Source Files\Network</Filter>
    </ClCompile>
    <ClCompile Include="src\Authenticator.cpp">
      <Filter>Source Files\Network</Filter>
    </ClCompile>
    <ClCompile Include="src\NetworkReplicator.cpp">
      <Filter>Source Files\Network</Filter>
    </ClCompile>
    <ClCompile Include="src\GameManager.cpp">
      <Filter>Source Files</Filter>
    </ClCompile>
    <ClCompile Include="src\ServerCreatedObject.cpp">
      <Filter>Source Files</Filter>
    </ClCompile>
    <ClCompile Include="src\Component.cpp">
      <Filter>Source Files\ECS\Components</Filter>
    </ClCompile>
    <ClCompile Include="src\Entity.cpp">
      <Filter>Source Files\ECS</Filter>
    </ClCompile>
    <ClCompile Include="src\TransformComponent.cpp">
      <Filter>Source Files\ECS\Components</Filter>
    </ClCompile>
    <ClCompile Include="src\ServerClientBase.cpp">
      <Filter>Source Files\Network</Filter>
    </ClCompile>
    <ClCompile Include="src\BoxPrimitiveComponent.cpp">
      <Filter>Source Files\ECS\Components\Primitives</Filter>
    </ClCompile>
    <ClCompile Include="src\PrimitiveComponent.cpp">
      <Filter>Source Files\ECS\Components\Primitives</Filter>
    </ClCompile>
    <ClCompile Include="src\SpherePrimitiveComponent.cpp">
      <Filter>Source Files\ECS\Components\Primitives</Filter>
    </ClCompile>
    <ClCompile Include="src\PlayerControlComponent.cpp">
      <Filter>Source Files\ECS\Components</Filter>
    </ClCompile>
  </ItemGroup>
  <ItemGroup>
    <ClInclude Include="include\TestProject.h">
      <Filter>Header Files</Filter>
    </ClInclude>
    <ClInclude Include="include\stdafx.h">
      <Filter>PCH</Filter>
    </ClInclude>
    <ClInclude Include="include\Authenticator.h">
      <Filter>Header Files</Filter>
    </ClInclude>
    <ClInclude Include="include\NetworkServer.h">
      <Filter>Header Files\Network</Filter>
    </ClInclude>
    <ClInclude Include="include\NetworkClient.h">
      <Filter>Header Files\Network</Filter>
    </ClInclude>
    <ClInclude Include="include\PacketTypes.h">
      <Filter>Header Files</Filter>
    </ClInclude>
    <ClInclude Include="include\GameManager.h">
      <Filter>Header Files</Filter>
    </ClInclude>
    <ClInclude Include="include\NetworkReplicator.h">
      <Filter>Header Files\Network</Filter>
    </ClInclude>
    <ClInclude Include="include\ServerCreatedObject.h">
      <Filter>Header Files</Filter>
    </ClInclude>
    <ClInclude Include="include\Component.h">
      <Filter>Header Files\ECS\Components</Filter>
    </ClInclude>
    <ClInclude Include="include\Entity.h">
      <Filter>Header Files\ECS</Filter>
    </ClInclude>
    <ClInclude Include="include\TransformComponent.h">
      <Filter>Header Files\ECS\Components</Filter>
    </ClInclude>
    <ClInclude Include="include\ServerClientBase.h">
      <Filter>Header Files\Network</Filter>
    </ClInclude>
    <ClInclude Include="include\BoxPrimitiveComponent.h">
      <Filter>Header Files\ECS\Components\Primitives</Filter>
    </ClInclude>
    <ClInclude Include="include\PrimitiveComponent.h">
      <Filter>Header Files\ECS\Components\Primitives</Filter>
    </ClInclude>
    <ClInclude Include="include\SpherePrimitiveComponent.h">
      <Filter>Header Files\ECS\Components\Primitives</Filter>
    </ClInclude>
    <ClInclude Include="include\PlayerControlComponent.h">
      <Filter>Header Files\ECS\Components</Filter>
    </ClInclude>
  </ItemGroup>
</Project>